// !$*UTF8*$!
{
	archiveVersion = 1;
	classes = {
	};
	objectVersion = 46;
	objects = {

/* Begin PBXBuildFile section */
		9F2737421BF765C2000A1856 /* MapViewController.swift in Sources */ = {isa = PBXBuildFile; fileRef = 9F2737411BF765C2000A1856 /* MapViewController.swift */; };
		9F2737441BF77C37000A1856 /* TableViewController.swift in Sources */ = {isa = PBXBuildFile; fileRef = 9F2737431BF77C37000A1856 /* TableViewController.swift */; };
		9F8DDFFB1C04A34000A33A3D /* PostingViewController.swift in Sources */ = {isa = PBXBuildFile; fileRef = 9F8DDFFA1C04A34000A33A3D /* PostingViewController.swift */; };
		9F9C628A1BEF6E1C0039DE46 /* AppDelegate.swift in Sources */ = {isa = PBXBuildFile; fileRef = 9F9C62891BEF6E1C0039DE46 /* AppDelegate.swift */; };
		9F9C628C1BEF6E1C0039DE46 /* LoginViewController.swift in Sources */ = {isa = PBXBuildFile; fileRef = 9F9C628B1BEF6E1C0039DE46 /* LoginViewController.swift */; };
		9F9C628F1BEF6E1C0039DE46 /* Main.storyboard in Resources */ = {isa = PBXBuildFile; fileRef = 9F9C628D1BEF6E1C0039DE46 /* Main.storyboard */; };
		9F9C62911BEF6E1C0039DE46 /* Assets.xcassets in Resources */ = {isa = PBXBuildFile; fileRef = 9F9C62901BEF6E1C0039DE46 /* Assets.xcassets */; };
		9F9C62941BEF6E1C0039DE46 /* LaunchScreen.storyboard in Resources */ = {isa = PBXBuildFile; fileRef = 9F9C62921BEF6E1C0039DE46 /* LaunchScreen.storyboard */; };
		9F9C629F1BEF6E1C0039DE46 /* On_the_MapTests.swift in Sources */ = {isa = PBXBuildFile; fileRef = 9F9C629E1BEF6E1C0039DE46 /* On_the_MapTests.swift */; };
		9F9C62AA1BEF6E1C0039DE46 /* On_the_MapUITests.swift in Sources */ = {isa = PBXBuildFile; fileRef = 9F9C62A91BEF6E1C0039DE46 /* On_the_MapUITests.swift */; };
		9F9C62C61BF3046F0039DE46 /* Roboto-Medium.ttf in Resources */ = {isa = PBXBuildFile; fileRef = 9F9C62C31BF3046F0039DE46 /* Roboto-Medium.ttf */; };
		9F9C62C71BF3046F0039DE46 /* Roboto-Regular.ttf in Resources */ = {isa = PBXBuildFile; fileRef = 9F9C62C41BF3046F0039DE46 /* Roboto-Regular.ttf */; };
		9F9C62C81BF3046F0039DE46 /* Roboto-Thin.ttf in Resources */ = {isa = PBXBuildFile; fileRef = 9F9C62C51BF3046F0039DE46 /* Roboto-Thin.ttf */; };
		9FA6AB9F1BF862E700D7D228 /* TabBarController.swift in Sources */ = {isa = PBXBuildFile; fileRef = 9FA6AB9E1BF862E700D7D228 /* TabBarController.swift */; };
		9FA6ABB51BF99D4E00D7D228 /* FBSDKCoreKit.framework in Frameworks */ = {isa = PBXBuildFile; fileRef = 9FA6ABB31BF99D4E00D7D228 /* FBSDKCoreKit.framework */; };
		9FA6ABB61BF99D4E00D7D228 /* FBSDKLoginKit.framework in Frameworks */ = {isa = PBXBuildFile; fileRef = 9FA6ABB41BF99D4E00D7D228 /* FBSDKLoginKit.framework */; };
		9FA6ABB81BFADC7200D7D228 /* UdacityConvenience.swift in Sources */ = {isa = PBXBuildFile; fileRef = 9FA6ABB71BFADC7200D7D228 /* UdacityConvenience.swift */; };
		9FA6ABBD1BFB283D00D7D228 /* ParseClient.swift in Sources */ = {isa = PBXBuildFile; fileRef = 9FA6ABBC1BFB283D00D7D228 /* ParseClient.swift */; };
		9FA6ABBF1BFB437D00D7D228 /* ParseConstants.swift in Sources */ = {isa = PBXBuildFile; fileRef = 9FA6ABBE1BFB437D00D7D228 /* ParseConstants.swift */; };
		9FA6ABC11BFB4BF400D7D228 /* ParseConvenience.swift in Sources */ = {isa = PBXBuildFile; fileRef = 9FA6ABC01BFB4BF400D7D228 /* ParseConvenience.swift */; };
		9FA6ABC31BFC21BE00D7D228 /* StudentInformation.swift in Sources */ = {isa = PBXBuildFile; fileRef = 9FA6ABC21BFC21BE00D7D228 /* StudentInformation.swift */; };
		9FD30D301BF564030034CB14 /* UdacityClient.swift in Sources */ = {isa = PBXBuildFile; fileRef = 9FD30D2F1BF564030034CB14 /* UdacityClient.swift */; };
		9FD30D321BF5658A0034CB14 /* UdacityConstants.swift in Sources */ = {isa = PBXBuildFile; fileRef = 9FD30D311BF5658A0034CB14 /* UdacityConstants.swift */; };
/* End PBXBuildFile section */

/* Begin PBXContainerItemProxy section */
		9F9C629B1BEF6E1C0039DE46 /* PBXContainerItemProxy */ = {
			isa = PBXContainerItemProxy;
			containerPortal = 9F9C627E1BEF6E1C0039DE46 /* Project object */;
			proxyType = 1;
			remoteGlobalIDString = 9F9C62851BEF6E1C0039DE46;
			remoteInfo = "On the Map";
		};
		9F9C62A61BEF6E1C0039DE46 /* PBXContainerItemProxy */ = {
			isa = PBXContainerItemProxy;
			containerPortal = 9F9C627E1BEF6E1C0039DE46 /* Project object */;
			proxyType = 1;
			remoteGlobalIDString = 9F9C62851BEF6E1C0039DE46;
			remoteInfo = "On the Map";
		};
/* End PBXContainerItemProxy section */

/* Begin PBXFileReference section */
		9F2737411BF765C2000A1856 /* MapViewController.swift */ = {isa = PBXFileReference; fileEncoding = 4; lastKnownFileType = sourcecode.swift; path = MapViewController.swift; sourceTree = "<group>"; };
		9F2737431BF77C37000A1856 /* TableViewController.swift */ = {isa = PBXFileReference; fileEncoding = 4; lastKnownFileType = sourcecode.swift; path = TableViewController.swift; sourceTree = "<group>"; };
		9F8DDFFA1C04A34000A33A3D /* PostingViewController.swift */ = {isa = PBXFileReference; fileEncoding = 4; lastKnownFileType = sourcecode.swift; path = PostingViewController.swift; sourceTree = "<group>"; };
		9F9C62861BEF6E1C0039DE46 /* On the Map.app */ = {isa = PBXFileReference; explicitFileType = wrapper.application; includeInIndex = 0; path = "On the Map.app"; sourceTree = BUILT_PRODUCTS_DIR; };
		9F9C62891BEF6E1C0039DE46 /* AppDelegate.swift */ = {isa = PBXFileReference; lastKnownFileType = sourcecode.swift; path = AppDelegate.swift; sourceTree = "<group>"; };
		9F9C628B1BEF6E1C0039DE46 /* LoginViewController.swift */ = {isa = PBXFileReference; lastKnownFileType = sourcecode.swift; path = LoginViewController.swift; sourceTree = "<group>"; };
		9F9C628E1BEF6E1C0039DE46 /* Base */ = {isa = PBXFileReference; lastKnownFileType = file.storyboard; name = Base; path = Base.lproj/Main.storyboard; sourceTree = "<group>"; };
		9F9C62901BEF6E1C0039DE46 /* Assets.xcassets */ = {isa = PBXFileReference; lastKnownFileType = folder.assetcatalog; path = Assets.xcassets; sourceTree = "<group>"; };
		9F9C62931BEF6E1C0039DE46 /* Base */ = {isa = PBXFileReference; lastKnownFileType = file.storyboard; name = Base; path = Base.lproj/LaunchScreen.storyboard; sourceTree = "<group>"; };
		9F9C62951BEF6E1C0039DE46 /* Info.plist */ = {isa = PBXFileReference; lastKnownFileType = text.plist.xml; path = Info.plist; sourceTree = "<group>"; };
		9F9C629A1BEF6E1C0039DE46 /* On the MapTests.xctest */ = {isa = PBXFileReference; explicitFileType = wrapper.cfbundle; includeInIndex = 0; path = "On the MapTests.xctest"; sourceTree = BUILT_PRODUCTS_DIR; };
		9F9C629E1BEF6E1C0039DE46 /* On_the_MapTests.swift */ = {isa = PBXFileReference; lastKnownFileType = sourcecode.swift; path = On_the_MapTests.swift; sourceTree = "<group>"; };
		9F9C62A01BEF6E1C0039DE46 /* Info.plist */ = {isa = PBXFileReference; lastKnownFileType = text.plist.xml; path = Info.plist; sourceTree = "<group>"; };
		9F9C62A51BEF6E1C0039DE46 /* On the MapUITests.xctest */ = {isa = PBXFileReference; explicitFileType = wrapper.cfbundle; includeInIndex = 0; path = "On the MapUITests.xctest"; sourceTree = BUILT_PRODUCTS_DIR; };
		9F9C62A91BEF6E1C0039DE46 /* On_the_MapUITests.swift */ = {isa = PBXFileReference; lastKnownFileType = sourcecode.swift; path = On_the_MapUITests.swift; sourceTree = "<group>"; };
		9F9C62AB1BEF6E1C0039DE46 /* Info.plist */ = {isa = PBXFileReference; lastKnownFileType = text.plist.xml; path = Info.plist; sourceTree = "<group>"; };
		9F9C62C31BF3046F0039DE46 /* Roboto-Medium.ttf */ = {isa = PBXFileReference; lastKnownFileType = file; path = "Roboto-Medium.ttf"; sourceTree = "<group>"; };
		9F9C62C41BF3046F0039DE46 /* Roboto-Regular.ttf */ = {isa = PBXFileReference; lastKnownFileType = file; path = "Roboto-Regular.ttf"; sourceTree = "<group>"; };
		9F9C62C51BF3046F0039DE46 /* Roboto-Thin.ttf */ = {isa = PBXFileReference; lastKnownFileType = file; path = "Roboto-Thin.ttf"; sourceTree = "<group>"; };
		9FA6AB9E1BF862E700D7D228 /* TabBarController.swift */ = {isa = PBXFileReference; fileEncoding = 4; lastKnownFileType = sourcecode.swift; path = TabBarController.swift; sourceTree = "<group>"; };
		9FA6ABB31BF99D4E00D7D228 /* FBSDKCoreKit.framework */ = {isa = PBXFileReference; lastKnownFileType = wrapper.framework; path = FBSDKCoreKit.framework; sourceTree = "<group>"; };
		9FA6ABB41BF99D4E00D7D228 /* FBSDKLoginKit.framework */ = {isa = PBXFileReference; lastKnownFileType = wrapper.framework; path = FBSDKLoginKit.framework; sourceTree = "<group>"; };
		9FA6ABB71BFADC7200D7D228 /* UdacityConvenience.swift */ = {isa = PBXFileReference; fileEncoding = 4; lastKnownFileType = sourcecode.swift; path = UdacityConvenience.swift; sourceTree = "<group>"; };
		9FA6ABBC1BFB283D00D7D228 /* ParseClient.swift */ = {isa = PBXFileReference; fileEncoding = 4; lastKnownFileType = sourcecode.swift; path = ParseClient.swift; sourceTree = "<group>"; };
		9FA6ABBE1BFB437D00D7D228 /* ParseConstants.swift */ = {isa = PBXFileReference; fileEncoding = 4; lastKnownFileType = sourcecode.swift; path = ParseConstants.swift; sourceTree = "<group>"; };
		9FA6ABC01BFB4BF400D7D228 /* ParseConvenience.swift */ = {isa = PBXFileReference; fileEncoding = 4; lastKnownFileType = sourcecode.swift; path = ParseConvenience.swift; sourceTree = "<group>"; };
		9FA6ABC21BFC21BE00D7D228 /* StudentInformation.swift */ = {isa = PBXFileReference; fileEncoding = 4; lastKnownFileType = sourcecode.swift; path = StudentInformation.swift; sourceTree = "<group>"; };
		9FD30D2F1BF564030034CB14 /* UdacityClient.swift */ = {isa = PBXFileReference; fileEncoding = 4; lastKnownFileType = sourcecode.swift; path = UdacityClient.swift; sourceTree = "<group>"; };
		9FD30D311BF5658A0034CB14 /* UdacityConstants.swift */ = {isa = PBXFileReference; fileEncoding = 4; lastKnownFileType = sourcecode.swift; path = UdacityConstants.swift; sourceTree = "<group>"; };
/* End PBXFileReference section */

/* Begin PBXFrameworksBuildPhase section */
		9F9C62831BEF6E1C0039DE46 /* Frameworks */ = {
			isa = PBXFrameworksBuildPhase;
			buildActionMask = 2147483647;
			files = (
				9FA6ABB61BF99D4E00D7D228 /* FBSDKLoginKit.framework in Frameworks */,
				9FA6ABB51BF99D4E00D7D228 /* FBSDKCoreKit.framework in Frameworks */,
			);
			runOnlyForDeploymentPostprocessing = 0;
		};
		9F9C62971BEF6E1C0039DE46 /* Frameworks */ = {
			isa = PBXFrameworksBuildPhase;
			buildActionMask = 2147483647;
			files = (
			);
			runOnlyForDeploymentPostprocessing = 0;
		};
		9F9C62A21BEF6E1C0039DE46 /* Frameworks */ = {
			isa = PBXFrameworksBuildPhase;
			buildActionMask = 2147483647;
			files = (
			);
			runOnlyForDeploymentPostprocessing = 0;
		};
/* End PBXFrameworksBuildPhase section */

/* Begin PBXGroup section */
		9F9C627D1BEF6E1C0039DE46 = {
			isa = PBXGroup;
			children = (
				9FA6ABA01BF989C900D7D228 /* Frameworks */,
				9F9C62881BEF6E1C0039DE46 /* On the Map */,
				9F9C629D1BEF6E1C0039DE46 /* On the MapTests */,
				9F9C62A81BEF6E1C0039DE46 /* On the MapUITests */,
				9F9C62871BEF6E1C0039DE46 /* Products */,
			);
			sourceTree = "<group>";
		};
		9F9C62871BEF6E1C0039DE46 /* Products */ = {
			isa = PBXGroup;
			children = (
				9F9C62861BEF6E1C0039DE46 /* On the Map.app */,
				9F9C629A1BEF6E1C0039DE46 /* On the MapTests.xctest */,
				9F9C62A51BEF6E1C0039DE46 /* On the MapUITests.xctest */,
			);
			name = Products;
			sourceTree = "<group>";
		};
		9F9C62881BEF6E1C0039DE46 /* On the Map */ = {
			isa = PBXGroup;
			children = (
				9F9C62891BEF6E1C0039DE46 /* AppDelegate.swift */,
				9F9C62B81BF2F5FA0039DE46 /* Model */,
				9F9C62B71BF2F5F40039DE46 /* View */,
				9F9C62B91BF2F6020039DE46 /* Controller */,
				9F9C628D1BEF6E1C0039DE46 /* Main.storyboard */,
				9F9C62901BEF6E1C0039DE46 /* Assets.xcassets */,
				9F9C62921BEF6E1C0039DE46 /* LaunchScreen.storyboard */,
				9F9C62951BEF6E1C0039DE46 /* Info.plist */,
				9F9C62BC1BF300AC0039DE46 /* Resources */,
			);
			path = "On the Map";
			sourceTree = "<group>";
		};
		9F9C629D1BEF6E1C0039DE46 /* On the MapTests */ = {
			isa = PBXGroup;
			children = (
				9F9C629E1BEF6E1C0039DE46 /* On_the_MapTests.swift */,
				9F9C62A01BEF6E1C0039DE46 /* Info.plist */,
			);
			path = "On the MapTests";
			sourceTree = "<group>";
		};
		9F9C62A81BEF6E1C0039DE46 /* On the MapUITests */ = {
			isa = PBXGroup;
			children = (
				9F9C62A91BEF6E1C0039DE46 /* On_the_MapUITests.swift */,
				9F9C62AB1BEF6E1C0039DE46 /* Info.plist */,
			);
			path = "On the MapUITests";
			sourceTree = "<group>";
		};
		9F9C62B71BF2F5F40039DE46 /* View */ = {
			isa = PBXGroup;
			children = (
			);
			name = View;
			sourceTree = "<group>";
		};
		9F9C62B81BF2F5FA0039DE46 /* Model */ = {
			isa = PBXGroup;
			children = (
				9FD30D2C1BF4A96B0034CB14 /* Clients */,
				9FA6ABC21BFC21BE00D7D228 /* StudentInformation.swift */,
			);
			name = Model;
			sourceTree = "<group>";
		};
		9F9C62B91BF2F6020039DE46 /* Controller */ = {
			isa = PBXGroup;
			children = (
				9F9C628B1BEF6E1C0039DE46 /* LoginViewController.swift */,
				9FA6AB9E1BF862E700D7D228 /* TabBarController.swift */,
				9F2737411BF765C2000A1856 /* MapViewController.swift */,
				9F2737431BF77C37000A1856 /* TableViewController.swift */,
				9F8DDFFA1C04A34000A33A3D /* PostingViewController.swift */,
			);
			name = Controller;
			sourceTree = "<group>";
		};
		9F9C62BC1BF300AC0039DE46 /* Resources */ = {
			isa = PBXGroup;
			children = (
				9F9C62C31BF3046F0039DE46 /* Roboto-Medium.ttf */,
				9F9C62C41BF3046F0039DE46 /* Roboto-Regular.ttf */,
				9F9C62C51BF3046F0039DE46 /* Roboto-Thin.ttf */,
			);
			name = Resources;
			sourceTree = "<group>";
		};
		9FA6ABA01BF989C900D7D228 /* Frameworks */ = {
			isa = PBXGroup;
			children = (
				9FA6ABB31BF99D4E00D7D228 /* FBSDKCoreKit.framework */,
				9FA6ABB41BF99D4E00D7D228 /* FBSDKLoginKit.framework */,
			);
			name = Frameworks;
			sourceTree = "<group>";
		};
		9FA6ABBB1BFB282C00D7D228 /* Parse */ = {
			isa = PBXGroup;
			children = (
				9FA6ABBE1BFB437D00D7D228 /* ParseConstants.swift */,
				9FA6ABC01BFB4BF400D7D228 /* ParseConvenience.swift */,
				9FA6ABBC1BFB283D00D7D228 /* ParseClient.swift */,
			);
			name = Parse;
			sourceTree = "<group>";
		};
		9FD30D2C1BF4A96B0034CB14 /* Clients */ = {
			isa = PBXGroup;
			children = (
				9FA6ABBB1BFB282C00D7D228 /* Parse */,
				9FD30D2D1BF4A9700034CB14 /* Udacity */,
			);
			name = Clients;
			sourceTree = "<group>";
		};
		9FD30D2D1BF4A9700034CB14 /* Udacity */ = {
			isa = PBXGroup;
			children = (
				9FD30D311BF5658A0034CB14 /* UdacityConstants.swift */,
				9FA6ABB71BFADC7200D7D228 /* UdacityConvenience.swift */,
				9FD30D2F1BF564030034CB14 /* UdacityClient.swift */,
			);
			name = Udacity;
			sourceTree = "<group>";
		};
/* End PBXGroup section */

/* Begin PBXNativeTarget section */
		9F9C62851BEF6E1C0039DE46 /* On the Map */ = {
			isa = PBXNativeTarget;
			buildConfigurationList = 9F9C62AE1BEF6E1C0039DE46 /* Build configuration list for PBXNativeTarget "On the Map" */;
			buildPhases = (
				9F9C62821BEF6E1C0039DE46 /* Sources */,
				9F9C62831BEF6E1C0039DE46 /* Frameworks */,
				9F9C62841BEF6E1C0039DE46 /* Resources */,
			);
			buildRules = (
			);
			dependencies = (
			);
			name = "On the Map";
			productName = "On the Map";
			productReference = 9F9C62861BEF6E1C0039DE46 /* On the Map.app */;
			productType = "com.apple.product-type.application";
		};
		9F9C62991BEF6E1C0039DE46 /* On the MapTests */ = {
			isa = PBXNativeTarget;
			buildConfigurationList = 9F9C62B11BEF6E1C0039DE46 /* Build configuration list for PBXNativeTarget "On the MapTests" */;
			buildPhases = (
				9F9C62961BEF6E1C0039DE46 /* Sources */,
				9F9C62971BEF6E1C0039DE46 /* Frameworks */,
				9F9C62981BEF6E1C0039DE46 /* Resources */,
			);
			buildRules = (
			);
			dependencies = (
				9F9C629C1BEF6E1C0039DE46 /* PBXTargetDependency */,
			);
			name = "On the MapTests";
			productName = "On the MapTests";
			productReference = 9F9C629A1BEF6E1C0039DE46 /* On the MapTests.xctest */;
			productType = "com.apple.product-type.bundle.unit-test";
		};
		9F9C62A41BEF6E1C0039DE46 /* On the MapUITests */ = {
			isa = PBXNativeTarget;
			buildConfigurationList = 9F9C62B41BEF6E1C0039DE46 /* Build configuration list for PBXNativeTarget "On the MapUITests" */;
			buildPhases = (
				9F9C62A11BEF6E1C0039DE46 /* Sources */,
				9F9C62A21BEF6E1C0039DE46 /* Frameworks */,
				9F9C62A31BEF6E1C0039DE46 /* Resources */,
			);
			buildRules = (
			);
			dependencies = (
				9F9C62A71BEF6E1C0039DE46 /* PBXTargetDependency */,
			);
			name = "On the MapUITests";
			productName = "On the MapUITests";
			productReference = 9F9C62A51BEF6E1C0039DE46 /* On the MapUITests.xctest */;
			productType = "com.apple.product-type.bundle.ui-testing";
		};
/* End PBXNativeTarget section */

/* Begin PBXProject section */
		9F9C627E1BEF6E1C0039DE46 /* Project object */ = {
			isa = PBXProject;
			attributes = {
				LastSwiftUpdateCheck = 0710;
				LastUpgradeCheck = 0710;
				ORGANIZATIONNAME = AppSynth;
				TargetAttributes = {
					9F9C62851BEF6E1C0039DE46 = {
						CreatedOnToolsVersion = 7.1;
					};
					9F9C62991BEF6E1C0039DE46 = {
						CreatedOnToolsVersion = 7.1;
						TestTargetID = 9F9C62851BEF6E1C0039DE46;
					};
					9F9C62A41BEF6E1C0039DE46 = {
						CreatedOnToolsVersion = 7.1;
						TestTargetID = 9F9C62851BEF6E1C0039DE46;
					};
				};
			};
			buildConfigurationList = 9F9C62811BEF6E1C0039DE46 /* Build configuration list for PBXProject "On the Map" */;
			compatibilityVersion = "Xcode 3.2";
			developmentRegion = English;
			hasScannedForEncodings = 0;
			knownRegions = (
				en,
				Base,
			);
			mainGroup = 9F9C627D1BEF6E1C0039DE46;
			productRefGroup = 9F9C62871BEF6E1C0039DE46 /* Products */;
			projectDirPath = "";
			projectRoot = "";
			targets = (
				9F9C62851BEF6E1C0039DE46 /* On the Map */,
				9F9C62991BEF6E1C0039DE46 /* On the MapTests */,
				9F9C62A41BEF6E1C0039DE46 /* On the MapUITests */,
			);
		};
/* End PBXProject section */

/* Begin PBXResourcesBuildPhase section */
		9F9C62841BEF6E1C0039DE46 /* Resources */ = {
			isa = PBXResourcesBuildPhase;
			buildActionMask = 2147483647;
			files = (
				9F9C62C61BF3046F0039DE46 /* Roboto-Medium.ttf in Resources */,
				9F9C62941BEF6E1C0039DE46 /* LaunchScreen.storyboard in Resources */,
				9F9C62C81BF3046F0039DE46 /* Roboto-Thin.ttf in Resources */,
				9F9C62C71BF3046F0039DE46 /* Roboto-Regular.ttf in Resources */,
				9F9C62911BEF6E1C0039DE46 /* Assets.xcassets in Resources */,
				9F9C628F1BEF6E1C0039DE46 /* Main.storyboard in Resources */,
			);
			runOnlyForDeploymentPostprocessing = 0;
		};
		9F9C62981BEF6E1C0039DE46 /* Resources */ = {
			isa = PBXResourcesBuildPhase;
			buildActionMask = 2147483647;
			files = (
			);
			runOnlyForDeploymentPostprocessing = 0;
		};
		9F9C62A31BEF6E1C0039DE46 /* Resources */ = {
			isa = PBXResourcesBuildPhase;
			buildActionMask = 2147483647;
			files = (
			);
			runOnlyForDeploymentPostprocessing = 0;
		};
/* End PBXResourcesBuildPhase section */

/* Begin PBXSourcesBuildPhase section */
		9F9C62821BEF6E1C0039DE46 /* Sources */ = {
			isa = PBXSourcesBuildPhase;
			buildActionMask = 2147483647;
			files = (
				9FA6ABC31BFC21BE00D7D228 /* StudentInformation.swift in Sources */,
				9FA6ABC11BFB4BF400D7D228 /* ParseConvenience.swift in Sources */,
				9FA6ABBD1BFB283D00D7D228 /* ParseClient.swift in Sources */,
				9F9C628C1BEF6E1C0039DE46 /* LoginViewController.swift in Sources */,
				9F2737441BF77C37000A1856 /* TableViewController.swift in Sources */,
				9FA6ABBF1BFB437D00D7D228 /* ParseConstants.swift in Sources */,
				9FD30D321BF5658A0034CB14 /* UdacityConstants.swift in Sources */,
				9FA6ABB81BFADC7200D7D228 /* UdacityConvenience.swift in Sources */,
				9F9C628A1BEF6E1C0039DE46 /* AppDelegate.swift in Sources */,
				9FA6AB9F1BF862E700D7D228 /* TabBarController.swift in Sources */,
				9F2737421BF765C2000A1856 /* MapViewController.swift in Sources */,
				9FD30D301BF564030034CB14 /* UdacityClient.swift in Sources */,
				9F8DDFFB1C04A34000A33A3D /* PostingViewController.swift in Sources */,
			);
			runOnlyForDeploymentPostprocessing = 0;
		};
		9F9C62961BEF6E1C0039DE46 /* Sources */ = {
			isa = PBXSourcesBuildPhase;
			buildActionMask = 2147483647;
			files = (
				9F9C629F1BEF6E1C0039DE46 /* On_the_MapTests.swift in Sources */,
			);
			runOnlyForDeploymentPostprocessing = 0;
		};
		9F9C62A11BEF6E1C0039DE46 /* Sources */ = {
			isa = PBXSourcesBuildPhase;
			buildActionMask = 2147483647;
			files = (
				9F9C62AA1BEF6E1C0039DE46 /* On_the_MapUITests.swift in Sources */,
			);
			runOnlyForDeploymentPostprocessing = 0;
		};
/* End PBXSourcesBuildPhase section */

/* Begin PBXTargetDependency section */
		9F9C629C1BEF6E1C0039DE46 /* PBXTargetDependency */ = {
			isa = PBXTargetDependency;
			target = 9F9C62851BEF6E1C0039DE46 /* On the Map */;
			targetProxy = 9F9C629B1BEF6E1C0039DE46 /* PBXContainerItemProxy */;
		};
		9F9C62A71BEF6E1C0039DE46 /* PBXTargetDependency */ = {
			isa = PBXTargetDependency;
			target = 9F9C62851BEF6E1C0039DE46 /* On the Map */;
			targetProxy = 9F9C62A61BEF6E1C0039DE46 /* PBXContainerItemProxy */;
		};
/* End PBXTargetDependency section */

/* Begin PBXVariantGroup section */
		9F9C628D1BEF6E1C0039DE46 /* Main.storyboard */ = {
			isa = PBXVariantGroup;
			children = (
				9F9C628E1BEF6E1C0039DE46 /* Base */,
			);
			name = Main.storyboard;
			sourceTree = "<group>";
		};
		9F9C62921BEF6E1C0039DE46 /* LaunchScreen.storyboard */ = {
			isa = PBXVariantGroup;
			children = (
				9F9C62931BEF6E1C0039DE46 /* Base */,
			);
			name = LaunchScreen.storyboard;
			sourceTree = "<group>";
		};
/* End PBXVariantGroup section */

/* Begin XCBuildConfiguration section */
		9F9C62AC1BEF6E1C0039DE46 /* Debug */ = {
			isa = XCBuildConfiguration;
			buildSettings = {
				ALWAYS_SEARCH_USER_PATHS = NO;
				CLANG_CXX_LANGUAGE_STANDARD = "gnu++0x";
				CLANG_CXX_LIBRARY = "libc++";
				CLANG_ENABLE_MODULES = YES;
				CLANG_ENABLE_OBJC_ARC = YES;
				CLANG_WARN_BOOL_CONVERSION = YES;
				CLANG_WARN_CONSTANT_CONVERSION = YES;
				CLANG_WARN_DIRECT_OBJC_ISA_USAGE = YES_ERROR;
				CLANG_WARN_EMPTY_BODY = YES;
				CLANG_WARN_ENUM_CONVERSION = YES;
				CLANG_WARN_INT_CONVERSION = YES;
				CLANG_WARN_OBJC_ROOT_CLASS = YES_ERROR;
				CLANG_WARN_UNREACHABLE_CODE = YES;
				CLANG_WARN__DUPLICATE_METHOD_MATCH = YES;
				"CODE_SIGN_IDENTITY[sdk=iphoneos*]" = "iPhone Developer";
				COPY_PHASE_STRIP = NO;
				DEBUG_INFORMATION_FORMAT = dwarf;
				ENABLE_STRICT_OBJC_MSGSEND = YES;
				ENABLE_TESTABILITY = YES;
				GCC_C_LANGUAGE_STANDARD = gnu99;
				GCC_DYNAMIC_NO_PIC = NO;
				GCC_NO_COMMON_BLOCKS = YES;
				GCC_OPTIMIZATION_LEVEL = 0;
				GCC_PREPROCESSOR_DEFINITIONS = (
					"DEBUG=1",
					"$(inherited)",
				);
				GCC_WARN_64_TO_32_BIT_CONVERSION = YES;
				GCC_WARN_ABOUT_RETURN_TYPE = YES_ERROR;
				GCC_WARN_UNDECLARED_SELECTOR = YES;
				GCC_WARN_UNINITIALIZED_AUTOS = YES_AGGRESSIVE;
				GCC_WARN_UNUSED_FUNCTION = YES;
				GCC_WARN_UNUSED_VARIABLE = YES;
				IPHONEOS_DEPLOYMENT_TARGET = 9.1;
				MTL_ENABLE_DEBUG_INFO = YES;
				ONLY_ACTIVE_ARCH = YES;
				SDKROOT = iphoneos;
				SWIFT_OPTIMIZATION_LEVEL = "-Onone";
			};
			name = Debug;
		};
		9F9C62AD1BEF6E1C0039DE46 /* Release */ = {
			isa = XCBuildConfiguration;
			buildSettings = {
				ALWAYS_SEARCH_USER_PATHS = NO;
				CLANG_CXX_LANGUAGE_STANDARD = "gnu++0x";
				CLANG_CXX_LIBRARY = "libc++";
				CLANG_ENABLE_MODULES = YES;
				CLANG_ENABLE_OBJC_ARC = YES;
				CLANG_WARN_BOOL_CONVERSION = YES;
				CLANG_WARN_CONSTANT_CONVERSION = YES;
				CLANG_WARN_DIRECT_OBJC_ISA_USAGE = YES_ERROR;
				CLANG_WARN_EMPTY_BODY = YES;
				CLANG_WARN_ENUM_CONVERSION = YES;
				CLANG_WARN_INT_CONVERSION = YES;
				CLANG_WARN_OBJC_ROOT_CLASS = YES_ERROR;
				CLANG_WARN_UNREACHABLE_CODE = YES;
				CLANG_WARN__DUPLICATE_METHOD_MATCH = YES;
				"CODE_SIGN_IDENTITY[sdk=iphoneos*]" = "iPhone Developer";
				COPY_PHASE_STRIP = NO;
				DEBUG_INFORMATION_FORMAT = "dwarf-with-dsym";
				ENABLE_NS_ASSERTIONS = NO;
				ENABLE_STRICT_OBJC_MSGSEND = YES;
				GCC_C_LANGUAGE_STANDARD = gnu99;
				GCC_NO_COMMON_BLOCKS = YES;
				GCC_WARN_64_TO_32_BIT_CONVERSION = YES;
				GCC_WARN_ABOUT_RETURN_TYPE = YES_ERROR;
				GCC_WARN_UNDECLARED_SELECTOR = YES;
				GCC_WARN_UNINITIALIZED_AUTOS = YES_AGGRESSIVE;
				GCC_WARN_UNUSED_FUNCTION = YES;
				GCC_WARN_UNUSED_VARIABLE = YES;
				IPHONEOS_DEPLOYMENT_TARGET = 9.1;
				MTL_ENABLE_DEBUG_INFO = NO;
				SDKROOT = iphoneos;
				VALIDATE_PRODUCT = YES;
			};
			name = Release;
		};
		9F9C62AF1BEF6E1C0039DE46 /* Debug */ = {
			isa = XCBuildConfiguration;
			buildSettings = {
				ASSETCATALOG_COMPILER_APPICON_NAME = AppIcon;
				FRAMEWORK_SEARCH_PATHS = "$(PROJECT_DIR)";
				INFOPLIST_FILE = "On the Map/Info.plist";
				LD_RUNPATH_SEARCH_PATHS = "$(inherited) @executable_path/Frameworks";
				PRODUCT_BUNDLE_IDENTIFIER = "com.AppSynth.On-the-Map";
				PRODUCT_NAME = "$(TARGET_NAME)";
			};
			name = Debug;
		};
		9F9C62B01BEF6E1C0039DE46 /* Release */ = {
			isa = XCBuildConfiguration;
			buildSettings = {
				ASSETCATALOG_COMPILER_APPICON_NAME = AppIcon;
				FRAMEWORK_SEARCH_PATHS = "$(PROJECT_DIR)";
				INFOPLIST_FILE = "On the Map/Info.plist";
				LD_RUNPATH_SEARCH_PATHS = "$(inherited) @executable_path/Frameworks";
				PRODUCT_BUNDLE_IDENTIFIER = "com.AppSynth.On-the-Map";
				PRODUCT_NAME = "$(TARGET_NAME)";
			};
			name = Release;
		};
		9F9C62B21BEF6E1C0039DE46 /* Debug */ = {
			isa = XCBuildConfiguration;
			buildSettings = {
				BUNDLE_LOADER = "$(TEST_HOST)";
				INFOPLIST_FILE = "On the MapTests/Info.plist";
				LD_RUNPATH_SEARCH_PATHS = "$(inherited) @executable_path/Frameworks @loader_path/Frameworks";
				PRODUCT_BUNDLE_IDENTIFIER = "com.AppSynth.On-the-MapTests";
				PRODUCT_NAME = "$(TARGET_NAME)";
				TEST_HOST = "$(BUILT_PRODUCTS_DIR)/On the Map.app/On the Map";
			};
			name = Debug;
		};
		9F9C62B31BEF6E1C0039DE46 /* Release */ = {
			isa = XCBuildConfiguration;
			buildSettings = {
				BUNDLE_LOADER = "$(TEST_HOST)";
				INFOPLIST_FILE = "On the MapTests/Info.plist";
				LD_RUNPATH_SEARCH_PATHS = "$(inherited) @executable_path/Frameworks @loader_path/Frameworks";
				PRODUCT_BUNDLE_IDENTIFIER = "com.AppSynth.On-the-MapTests";
				PRODUCT_NAME = "$(TARGET_NAME)";
				TEST_HOST = "$(BUILT_PRODUCTS_DIR)/On the Map.app/On the Map";
			};
			name = Release;
		};
		9F9C62B51BEF6E1C0039DE46 /* Debug */ = {
			isa = XCBuildConfiguration;
			buildSettings = {
				INFOPLIST_FILE = "On the MapUITests/Info.plist";
				LD_RUNPATH_SEARCH_PATHS = "$(inherited) @executable_path/Frameworks @loader_path/Frameworks";
				PRODUCT_BUNDLE_IDENTIFIER = "com.AppSynth.On-the-MapUITests";
				PRODUCT_NAME = "$(TARGET_NAME)";
				TEST_TARGET_NAME = "On the Map";
				USES_XCTRUNNER = YES;
			};
			name = Debug;
		};
		9F9C62B61BEF6E1C0039DE46 /* Release */ = {
			isa = XCBuildConfiguration;
			buildSettings = {
				INFOPLIST_FILE = "On the MapUITests/Info.plist";
				LD_RUNPATH_SEARCH_PATHS = "$(inherited) @executable_path/Frameworks @loader_path/Frameworks";
				PRODUCT_BUNDLE_IDENTIFIER = "com.AppSynth.On-the-MapUITests";
				PRODUCT_NAME = "$(TARGET_NAME)";
				TEST_TARGET_NAME = "On the Map";
				USES_XCTRUNNER = YES;
			};
			name = Release;
		};
/* End XCBuildConfiguration section */

/* Begin XCConfigurationList section */
		9F9C62811BEF6E1C0039DE46 /* Build configuration list for PBXProject "On the Map" */ = {
			isa = XCConfigurationList;
			buildConfigurations = (
				9F9C62AC1BEF6E1C0039DE46 /* Debug */,
				9F9C62AD1BEF6E1C0039DE46 /* Release */,
			);
			defaultConfigurationIsVisible = 0;
			defaultConfigurationName = Release;
		};
		9F9C62AE1BEF6E1C0039DE46 /* Build configuration list for PBXNativeTarget "On the Map" */ = {
			isa = XCConfigurationList;
			buildConfigurations = (
				9F9C62AF1BEF6E1C0039DE46 /* Debug */,
				9F9C62B01BEF6E1C0039DE46 /* Release */,
			);
			defaultConfigurationIsVisible = 0;
			defaultConfigurationName = Release;
		};
		9F9C62B11BEF6E1C0039DE46 /* Build configuration list for PBXNativeTarget "On the MapTests" */ = {
			isa = XCConfigurationList;
			buildConfigurations = (
				9F9C62B21BEF6E1C0039DE46 /* Debug */,
				9F9C62B31BEF6E1C0039DE46 /* Release */,
			);
			defaultConfigurationIsVisible = 0;
			defaultConfigurationName = Release;
		};
		9F9C62B41BEF6E1C0039DE46 /* Build configuration list for PBXNativeTarget "On the MapUITests" */ = {
			isa = XCConfigurationList;
			buildConfigurations = (
				9F9C62B51BEF6E1C0039DE46 /* Debug */,
				9F9C62B61BEF6E1C0039DE46 /* Release */,
			);
			defaultConfigurationIsVisible = 0;
			defaultConfigurationName = Release;
		};
/* End XCConfigurationList section */
	};
	rootObject = 9F9C627E1BEF6E1C0039DE46 /* Project object */;
}
